// !$*UTF8*$!
{
	archiveVersion = 1;
	classes = {
	};
	objectVersion = 46;
	objects = {

/* Begin PBXBuildFile section */
		6C2068E81AC2B55D00F124E5 /* AppDelegate.swift in Sources */ = {isa = PBXBuildFile; fileRef = 6C2068E71AC2B55D00F124E5 /* AppDelegate.swift */; };
		6C2068EB1AC2B55D00F124E5 /* Prime_Count.xcdatamodeld in Sources */ = {isa = PBXBuildFile; fileRef = 6C2068E91AC2B55D00F124E5 /* Prime_Count.xcdatamodeld */; };
		6C2068ED1AC2B55D00F124E5 /* ViewController.swift in Sources */ = {isa = PBXBuildFile; fileRef = 6C2068EC1AC2B55D00F124E5 /* ViewController.swift */; };
		6C2068F01AC2B55D00F124E5 /* Main.storyboard in Resources */ = {isa = PBXBuildFile; fileRef = 6C2068EE1AC2B55D00F124E5 /* Main.storyboard */; };
		6C2068F21AC2B55D00F124E5 /* Images.xcassets in Resources */ = {isa = PBXBuildFile; fileRef = 6C2068F11AC2B55D00F124E5 /* Images.xcassets */; };
		6C2068F51AC2B55D00F124E5 /* LaunchScreen.xib in Resources */ = {isa = PBXBuildFile; fileRef = 6C2068F31AC2B55D00F124E5 /* LaunchScreen.xib */; };
		6C2069011AC2B55D00F124E5 /* Prime_CountTests.swift in Sources */ = {isa = PBXBuildFile; fileRef = 6C2069001AC2B55D00F124E5 /* Prime_CountTests.swift */; };
/* End PBXBuildFile section */

/* Begin PBXContainerItemProxy section */
		6C2068FB1AC2B55D00F124E5 /* PBXContainerItemProxy */ = {
			isa = PBXContainerItemProxy;
			containerPortal = 6C2068DA1AC2B55D00F124E5 /* Project object */;
			proxyType = 1;
			remoteGlobalIDString = 6C2068E11AC2B55D00F124E5;
			remoteInfo = "Prime Count";
		};
/* End PBXContainerItemProxy section */

/* Begin PBXFileReference section */
		6C2068E21AC2B55D00F124E5 /* Prime Count.app */ = {isa = PBXFileReference; explicitFileType = wrapper.application; includeInIndex = 0; path = "Prime Count.app"; sourceTree = BUILT_PRODUCTS_DIR; };
		6C2068E61AC2B55D00F124E5 /* Info.plist */ = {isa = PBXFileReference; lastKnownFileType = text.plist.xml; path = Info.plist; sourceTree = "<group>"; };
		6C2068E71AC2B55D00F124E5 /* AppDelegate.swift */ = {isa = PBXFileReference; lastKnownFileType = sourcecode.swift; path = AppDelegate.swift; sourceTree = "<group>"; };
		6C2068EA1AC2B55D00F124E5 /* Prime_Count.xcdatamodel */ = {isa = PBXFileReference; lastKnownFileType = wrapper.xcdatamodel; path = Prime_Count.xcdatamodel; sourceTree = "<group>"; };
		6C2068EC1AC2B55D00F124E5 /* ViewController.swift */ = {isa = PBXFileReference; lastKnownFileType = sourcecode.swift; path = ViewController.swift; sourceTree = "<group>"; };
		6C2068EF1AC2B55D00F124E5 /* Base */ = {isa = PBXFileReference; lastKnownFileType = file.storyboard; name = Base; path = Base.lproj/Main.storyboard; sourceTree = "<group>"; };
		6C2068F11AC2B55D00F124E5 /* Images.xcassets */ = {isa = PBXFileReference; lastKnownFileType = folder.assetcatalog; path = Images.xcassets; sourceTree = "<group>"; };
		6C2068F41AC2B55D00F124E5 /* Base */ = {isa = PBXFileReference; lastKnownFileType = file.xib; name = Base; path = Base.lproj/LaunchScreen.xib; sourceTree = "<group>"; };
		6C2068FA1AC2B55D00F124E5 /* Prime CountTests.xctest */ = {isa = PBXFileReference; explicitFileType = wrapper.cfbundle; includeInIndex = 0; path = "Prime CountTests.xctest"; sourceTree = BUILT_PRODUCTS_DIR; };
		6C2068FF1AC2B55D00F124E5 /* Info.plist */ = {isa = PBXFileReference; lastKnownFileType = text.plist.xml; path = Info.plist; sourceTree = "<group>"; };
		6C2069001AC2B55D00F124E5 /* Prime_CountTests.swift */ = {isa = PBXFileReference; lastKnownFileType = sourcecode.swift; path = Prime_CountTests.swift; sourceTree = "<group>"; };
/* End PBXFileReference section */

/* Begin PBXFrameworksBuildPhase section */
		6C2068DF1AC2B55D00F124E5 /* Frameworks */ = {
			isa = PBXFrameworksBuildPhase;
			buildActionMask = 2147483647;
			files = (
			);
			runOnlyForDeploymentPostprocessing = 0;
		};
		6C2068F71AC2B55D00F124E5 /* Frameworks */ = {
			isa = PBXFrameworksBuildPhase;
			buildActionMask = 2147483647;
			files = (
			);
			runOnlyForDeploymentPostprocessing = 0;
		};
/* End PBXFrameworksBuildPhase section */

/* Begin PBXGroup section */
		6C2068D91AC2B55D00F124E5 = {
			isa = PBXGroup;
			children = (
				6C2068E41AC2B55D00F124E5 /* Prime Count */,
				6C2068FD1AC2B55D00F124E5 /* Prime CountTests */,
				6C2068E31AC2B55D00F124E5 /* Products */,
			);
			sourceTree = "<group>";
		};
		6C2068E31AC2B55D00F124E5 /* Products */ = {
			isa = PBXGroup;
			children = (
				6C2068E21AC2B55D00F124E5 /* Prime Count.app */,
				6C2068FA1AC2B55D00F124E5 /* Prime CountTests.xctest */,
			);
			name = Products;
			sourceTree = "<group>";
		};
		6C2068E41AC2B55D00F124E5 /* Prime Count */ = {
			isa = PBXGroup;
			children = (
				6C2068E71AC2B55D00F124E5 /* AppDelegate.swift */,
				6C2068EC1AC2B55D00F124E5 /* ViewController.swift */,
				6C2068EE1AC2B55D00F124E5 /* Main.storyboard */,
				6C2068F11AC2B55D00F124E5 /* Images.xcassets */,
				6C2068F31AC2B55D00F124E5 /* LaunchScreen.xib */,
				6C2068E91AC2B55D00F124E5 /* Prime_Count.xcdatamodeld */,
				6C2068E51AC2B55D00F124E5 /* Supporting Files */,
			);
			path = "Prime Count";
			sourceTree = "<group>";
		};
		6C2068E51AC2B55D00F124E5 /* Supporting Files */ = {
			isa = PBXGroup;
			children = (
				6C2068E61AC2B55D00F124E5 /* Info.plist */,
			);
			name = "Supporting Files";
			sourceTree = "<group>";
		};
		6C2068FD1AC2B55D00F124E5 /* Prime CountTests */ = {
			isa = PBXGroup;
			children = (
				6C2069001AC2B55D00F124E5 /* Prime_CountTests.swift */,
				6C2068FE1AC2B55D00F124E5 /* Supporting Files */,
			);
			path = "Prime CountTests";
			sourceTree = "<group>";
		};
		6C2068FE1AC2B55D00F124E5 /* Supporting Files */ = {
			isa = PBXGroup;
			children = (
				6C2068FF1AC2B55D00F124E5 /* Info.plist */,
			);
			name = "Supporting Files";
			sourceTree = "<group>";
		};
/* End PBXGroup section */

/* Begin PBXNativeTarget section */
		6C2068E11AC2B55D00F124E5 /* Prime Count */ = {
			isa = PBXNativeTarget;
			buildConfigurationList = 6C2069041AC2B55D00F124E5 /* Build configuration list for PBXNativeTarget "Prime Count" */;
			buildPhases = (
				6C2068DE1AC2B55D00F124E5 /* Sources */,
				6C2068DF1AC2B55D00F124E5 /* Frameworks */,
				6C2068E01AC2B55D00F124E5 /* Resources */,
			);
			buildRules = (
			);
			dependencies = (
			);
			name = "Prime Count";
			productName = "Prime Count";
			productReference = 6C2068E21AC2B55D00F124E5 /* Prime Count.app */;
			productType = "com.apple.product-type.application";
		};
		6C2068F91AC2B55D00F124E5 /* Prime CountTests */ = {
			isa = PBXNativeTarget;
			buildConfigurationList = 6C2069071AC2B55D00F124E5 /* Build configuration list for PBXNativeTarget "Prime CountTests" */;
			buildPhases = (
				6C2068F61AC2B55D00F124E5 /* Sources */,
				6C2068F71AC2B55D00F124E5 /* Frameworks */,
				6C2068F81AC2B55D00F124E5 /* Resources */,
			);
			buildRules = (
			);
			dependencies = (
				6C2068FC1AC2B55D00F124E5 /* PBXTargetDependency */,
			);
			name = "Prime CountTests";
			productName = "Prime CountTests";
			productReference = 6C2068FA1AC2B55D00F124E5 /* Prime CountTests.xctest */;
			productType = "com.apple.product-type.bundle.unit-test";
		};
/* End PBXNativeTarget section */

/* Begin PBXProject section */
		6C2068DA1AC2B55D00F124E5 /* Project object */ = {
			isa = PBXProject;
			attributes = {
				LastUpgradeCheck = 0610;
				ORGANIZATIONNAME = "Manisha Patel";
				TargetAttributes = {
					6C2068E11AC2B55D00F124E5 = {
						CreatedOnToolsVersion = 6.1.1;
					};
					6C2068F91AC2B55D00F124E5 = {
						CreatedOnToolsVersion = 6.1.1;
						TestTargetID = 6C2068E11AC2B55D00F124E5;
					};
				};
			};
			buildConfigurationList = 6C2068DD1AC2B55D00F124E5 /* Build configuration list for PBXProject "Prime Count" */;
			compatibilityVersion = "Xcode 3.2";
			developmentRegion = English;
			hasScannedForEncodings = 0;
			knownRegions = (
				en,
				Base,
			);
			mainGroup = 6C2068D91AC2B55D00F124E5;
			productRefGroup = 6C2068E31AC2B55D00F124E5 /* Products */;
			projectDirPath = "";
			projectRoot = "";
			targets = (
				6C2068E11AC2B55D00F124E5 /* Prime Count */,
				6C2068F91AC2B55D00F124E5 /* Prime CountTests */,
			);
		};
/* End PBXProject section */

/* Begin PBXResourcesBuildPhase section */
		6C2068E01AC2B55D00F124E5 /* Resources */ = {
			isa = PBXResourcesBuildPhase;
			buildActionMask = 2147483647;
			files = (
				6C2068F01AC2B55D00F124E5 /* Main.storyboard in Resources */,
				6C2068F51AC2B55D00F124E5 /* LaunchScreen.xib in Resources */,
				6C2068F21AC2B55D00F124E5 /* Images.xcassets in Resources */,
			);
			runOnlyForDeploymentPostprocessing = 0;
		};
		6C2068F81AC2B55D00F124E5 /* Resources */ = {
			isa = PBXResourcesBuildPhase;
			buildActionMask = 2147483647;
			files = (
			);
			runOnlyForDeploymentPostprocessing = 0;
		};
/* End PBXResourcesBuildPhase section */

/* Begin PBXSourcesBuildPhase section */
		6C2068DE1AC2B55D00F124E5 /* Sources */ = {
			isa = PBXSourcesBuildPhase;
			buildActionMask = 2147483647;
			files = (
				6C2068ED1AC2B55D00F124E5 /* ViewController.swift in Sources */,
				6C2068E81AC2B55D00F124E5 /* AppDelegate.swift in Sources */,
				6C2068EB1AC2B55D00F124E5 /* Prime_Count.xcdatamodeld in Sources */,
			);
			runOnlyForDeploymentPostprocessing = 0;
		};
		6C2068F61AC2B55D00F124E5 /* Sources */ = {
			isa = PBXSourcesBuildPhase;
			buildActionMask = 2147483647;
			files = (
				6C2069011AC2B55D00F124E5 /* Prime_CountTests.swift in Sources */,
			);
			runOnlyForDeploymentPostprocessing = 0;
		};
/* End PBXSourcesBuildPhase section */

/* Begin PBXTargetDependency section */
		6C2068FC1AC2B55D00F124E5 /* PBXTargetDependency */ = {
			isa = PBXTargetDependency;
			target = 6C2068E11AC2B55D00F124E5 /* Prime Count */;
			targetProxy = 6C2068FB1AC2B55D00F124E5 /* PBXContainerItemProxy */;
		};
/* End PBXTargetDependency section */

/* Begin PBXVariantGroup section */
		6C2068EE1AC2B55D00F124E5 /* Main.storyboard */ = {
			isa = PBXVariantGroup;
			children = (
				6C2068EF1AC2B55D00F124E5 /* Base */,
			);
			name = Main.storyboard;
			sourceTree = "<group>";
		};
		6C2068F31AC2B55D00F124E5 /* LaunchScreen.xib */ = {
			isa = PBXVariantGroup;
			children = (
				6C2068F41AC2B55D00F124E5 /* Base */,
			);
			name = LaunchScreen.xib;
			sourceTree = "<group>";
		};
/* End PBXVariantGroup section */

/* Begin XCBuildConfiguration section */
		6C2069021AC2B55D00F124E5 /* Debug */ = {
			isa = XCBuildConfiguration;
			buildSettings = {
				ALWAYS_SEARCH_USER_PATHS = NO;
				CLANG_CXX_LANGUAGE_STANDARD = "gnu++0x";
				CLANG_CXX_LIBRARY = "libc++";
				CLANG_ENABLE_MODULES = YES;
				CLANG_ENABLE_OBJC_ARC = YES;
				CLANG_WARN_BOOL_CONVERSION = YES;
				CLANG_WARN_CONSTANT_CONVERSION = YES;
				CLANG_WARN_DIRECT_OBJC_ISA_USAGE = YES_ERROR;
				CLANG_WARN_EMPTY_BODY = YES;
				CLANG_WARN_ENUM_CONVERSION = YES;
				CLANG_WARN_INT_CONVERSION = YES;
				CLANG_WARN_OBJC_ROOT_CLASS = YES_ERROR;
				CLANG_WARN_UNREACHABLE_CODE = YES;
				CLANG_WARN__DUPLICATE_METHOD_MATCH = YES;
				"CODE_SIGN_IDENTITY[sdk=iphoneos*]" = "iPhone Developer";
				COPY_PHASE_STRIP = NO;
				ENABLE_STRICT_OBJC_MSGSEND = YES;
				GCC_C_LANGUAGE_STANDARD = gnu99;
				GCC_DYNAMIC_NO_PIC = NO;
				GCC_OPTIMIZATION_LEVEL = 0;
				GCC_PREPROCESSOR_DEFINITIONS = (
					"DEBUG=1",
					"$(inherited)",
				);
				GCC_SYMBOLS_PRIVATE_EXTERN = NO;
				GCC_WARN_64_TO_32_BIT_CONVERSION = YES;
				GCC_WARN_ABOUT_RETURN_TYPE = YES_ERROR;
				GCC_WARN_UNDECLARED_SELECTOR = YES;
				GCC_WARN_UNINITIALIZED_AUTOS = YES_AGGRESSIVE;
				GCC_WARN_UNUSED_FUNCTION = YES;
				GCC_WARN_UNUSED_VARIABLE = YES;
				IPHONEOS_DEPLOYMENT_TARGET = 8.1;
				MTL_ENABLE_DEBUG_INFO = YES;
				ONLY_ACTIVE_ARCH = YES;
				SDKROOT = iphoneos;
				SWIFT_OPTIMIZATION_LEVEL = "-Onone";
			};
			name = Debug;
		};
		6C2069031AC2B55D00F124E5 /* Release */ = {
			isa = XCBuildConfiguration;
			buildSettings = {
				ALWAYS_SEARCH_USER_PATHS = NO;
				CLANG_CXX_LANGUAGE_STANDARD = "gnu++0x";
				CLANG_CXX_LIBRARY = "libc++";
				CLANG_ENABLE_MODULES = YES;
				CLANG_ENABLE_OBJC_ARC = YES;
				CLANG_WARN_BOOL_CONVERSION = YES;
				CLANG_WARN_CONSTANT_CONVERSION = YES;
				CLANG_WARN_DIRECT_OBJC_ISA_USAGE = YES_ERROR;
				CLANG_WARN_EMPTY_BODY = YES;
				CLANG_WARN_ENUM_CONVERSION = YES;
				CLANG_WARN_INT_CONVERSION = YES;
				CLANG_WARN_OBJC_ROOT_CLASS = YES_ERROR;
				CLANG_WARN_UNREACHABLE_CODE = YES;
				CLANG_WARN__DUPLICATE_METHOD_MATCH = YES;
				"CODE_SIGN_IDENTITY[sdk=iphoneos*]" = "iPhone Developer";
				COPY_PHASE_STRIP = YES;
				ENABLE_NS_ASSERTIONS = NO;
				ENABLE_STRICT_OBJC_MSGSEND = YES;
				GCC_C_LANGUAGE_STANDARD = gnu99;
				GCC_WARN_64_TO_32_BIT_CONVERSION = YES;
				GCC_WARN_ABOUT_RETURN_TYPE = YES_ERROR;
				GCC_WARN_UNDECLARED_SELECTOR = YES;
				GCC_WARN_UNINITIALIZED_AUTOS = YES_AGGRESSIVE;
				GCC_WARN_UNUSED_FUNCTION = YES;
				GCC_WARN_UNUSED_VARIABLE = YES;
				IPHONEOS_DEPLOYMENT_TARGET = 8.1;
				MTL_ENABLE_DEBUG_INFO = NO;
				SDKROOT = iphoneos;
				VALIDATE_PRODUCT = YES;
			};
			name = Release;
		};
		6C2069051AC2B55D00F124E5 /* Debug */ = {
			isa = XCBuildConfiguration;
			buildSettings = {
				ASSETCATALOG_COMPILER_APPICON_NAME = AppIcon;
				INFOPLIST_FILE = "Prime Count/Info.plist";
				LD_RUNPATH_SEARCH_PATHS = "$(inherited) @executable_path/Frameworks";
				PRODUCT_NAME = "$(TARGET_NAME)";
			};
			name = Debug;
		};
		6C2069061AC2B55D00F124E5 /* Release */ = {
			isa = XCBuildConfiguration;
			buildSettings = {
				ASSETCATALOG_COMPILER_APPICON_NAME = AppIcon;
				INFOPLIST_FILE = "Prime Count/Info.plist";
				LD_RUNPATH_SEARCH_PATHS = "$(inherited) @executable_path/Frameworks";
				PRODUCT_NAME = "$(TARGET_NAME)";
			};
			name = Release;
		};
		6C2069081AC2B55D00F124E5 /* Debug */ = {
			isa = XCBuildConfiguration;
			buildSettings = {
				BUNDLE_LOADER = "$(TEST_HOST)";
				FRAMEWORK_SEARCH_PATHS = (
					"$(SDKROOT)/Developer/Library/Frameworks",
					"$(inherited)",
				);
				GCC_PREPROCESSOR_DEFINITIONS = (
					"DEBUG=1",
					"$(inherited)",
				);
				INFOPLIST_FILE = "Prime CountTests/Info.plist";
				LD_RUNPATH_SEARCH_PATHS = "$(inherited) @executable_path/Frameworks @loader_path/Frameworks";
				PRODUCT_NAME = "$(TARGET_NAME)";
				TEST_HOST = "$(BUILT_PRODUCTS_DIR)/Prime Count.app/Prime Count";
			};
			name = Debug;
		};
		6C2069091AC2B55D00F124E5 /* Release */ = {
			isa = XCBuildConfiguration;
			buildSettings = {
				BUNDLE_LOADER = "$(TEST_HOST)";
				FRAMEWORK_SEARCH_PATHS = (
					"$(SDKROOT)/Developer/Library/Frameworks",
					"$(inherited)",
				);
				INFOPLIST_FILE = "Prime CountTests/Info.plist";
				LD_RUNPATH_SEARCH_PATHS = "$(inherited) @executable_path/Frameworks @loader_path/Frameworks";
				PRODUCT_NAME = "$(TARGET_NAME)";
				TEST_HOST = "$(BUILT_PRODUCTS_DIR)/Prime Count.app/Prime Count";
			};
			name = Release;
		};
/* End XCBuildConfiguration section */

/* Begin XCConfigurationList section */
		6C2068DD1AC2B55D00F124E5 /* Build configuration list for PBXProject "Prime Count" */ = {
			isa = XCConfigurationList;
			buildConfigurations = (
				6C2069021AC2B55D00F124E5 /* Debug */,
				6C2069031AC2B55D00F124E5 /* Release */,
			);
			defaultConfigurationIsVisible = 0;
			defaultConfigurationName = Release;
		};
		6C2069041AC2B55D00F124E5 /* Build configuration list for PBXNativeTarget "Prime Count" */ = {
			isa = XCConfigurationList;
			buildConfigurations = (
				6C2069051AC2B55D00F124E5 /* Debug */,
				6C2069061AC2B55D00F124E5 /* Release */,
			);
			defaultConfigurationIsVisible = 0;
		};
		6C2069071AC2B55D00F124E5 /* Build configuration list for PBXNativeTarget "Prime CountTests" */ = {
			isa = XCConfigurationList;
			buildConfigurations = (
				6C2069081AC2B55D00F124E5 /* Debug */,
				6C2069091AC2B55D00F124E5 /* Release */,
			);
			defaultConfigurationIsVisible = 0;
		};
/* End XCConfigurationList section */

/* Begin XCVersionGroup section */
		6C2068E91AC2B55D00F124E5 /* Prime_Count.xcdatamodeld */ = {
			isa = XCVersionGroup;
			children = (
				6C2068EA1AC2B55D00F124E5 /* Prime_Count.xcdatamodel */,
			);
			currentVersion = 6C2068EA1AC2B55D00F124E5 /* Prime_Count.xcdatamodel */;
			path = Prime_Count.xcdatamodeld;
			sourceTree = "<group>";
			versionGroupType = wrapper.xcdatamodel;
		};
/* End XCVersionGroup section */
	};
	rootObject = 6C2068DA1AC2B55D00F124E5 /* Project object */;
}
